
Microsoft Visual Studio Solution File, Format Version 12.00
# Visual Studio Version 16
VisualStudioVersion = 16.0.31624.102
MinimumVisualStudioVersion = 10.0.40219.1
Project("{FAE04EC0-301F-11D3-BF4B-00C04F79EFBC}") = "BDappStoreAPI", "BDappStoreAPI\BDappStoreAPI.csproj", "{7CE2424B-6B2F-48BE-B346-38516406EBB4}"
EndProject
Global
	GlobalSection(SolutionConfigurationPlatforms) = preSolution
		Debug|Any CPU = Debug|Any CPU
		Release|Any CPU = Release|Any CPU
	EndGlobalSection
	GlobalSection(ProjectConfigurationPlatforms) = postSolution
		{7CE2424B-6B2F-48BE-B346-38516406EBB4}.Debug|Any CPU.ActiveCfg = Debug|Any CPU
		{7CE2424B-6B2F-48BE-B346-38516406EBB4}.Debug|Any CPU.Build.0 = Debug|Any CPU
		{7CE2424B-6B2F-48BE-B346-38516406EBB4}.Release|Any CPU.ActiveCfg = Release|Any CPU
		{7CE2424B-6B2F-48BE-B346-38516406EBB4}.Release|Any CPU.Build.0 = Release|Any CPU
	EndGlobalSection
	GlobalSection(SolutionProperties) = preSolution
		HideSolutionNode = FALSE
	EndGlobalSection
	GlobalSection(ExtensibilityGlobals) = postSolution
		SolutionGuid = {3F8FA5E4-5046-45BA-94F2-3B6DDF7EF89F}
	EndGlobalSection
EndGlobal
